// !$*UTF8*$!
{
	archiveVersion = 1;
	classes = {
	};
	objectVersion = 50;
	objects = {

/* Begin PBXBuildFile section */
		DD34790E23FE841900CE67DD /* UsersTableViewController.swift in Sources */ = {isa = PBXBuildFile; fileRef = DD34790D23FE841900CE67DD /* UsersTableViewController.swift */; };
		DD34791323FE86BA00CE67DD /* UserPhotoTableViewCell.swift in Sources */ = {isa = PBXBuildFile; fileRef = DD34791123FE86BA00CE67DD /* UserPhotoTableViewCell.swift */; };
		DD34791423FE86BA00CE67DD /* UserPhotoTableViewCell.xib in Resources */ = {isa = PBXBuildFile; fileRef = DD34791223FE86BA00CE67DD /* UserPhotoTableViewCell.xib */; };
		DD34791923FE8DF900CE67DD /* UserPhotoViewModel.swift in Sources */ = {isa = PBXBuildFile; fileRef = DD34791823FE8DF900CE67DD /* UserPhotoViewModel.swift */; };
		DD34791B23FE95EC00CE67DD /* UserPhotosTableViewController.swift in Sources */ = {isa = PBXBuildFile; fileRef = DD34791A23FE95EC00CE67DD /* UserPhotosTableViewController.swift */; };
		DD34791E23FE9C3700CE67DD /* UIImageView+DownloadImage.swift in Sources */ = {isa = PBXBuildFile; fileRef = DD34791D23FE9C3700CE67DD /* UIImageView+DownloadImage.swift */; };
		DD4D51DE23FC65CF00482676 /* AppDelegate.swift in Sources */ = {isa = PBXBuildFile; fileRef = DD4D51DD23FC65CF00482676 /* AppDelegate.swift */; };
		DD4D51E523FC65CF00482676 /* Main.storyboard in Resources */ = {isa = PBXBuildFile; fileRef = DD4D51E323FC65CF00482676 /* Main.storyboard */; };
		DD4D51E723FC65D000482676 /* Assets.xcassets in Resources */ = {isa = PBXBuildFile; fileRef = DD4D51E623FC65D000482676 /* Assets.xcassets */; };
		DD4D51EA23FC65D000482676 /* LaunchScreen.storyboard in Resources */ = {isa = PBXBuildFile; fileRef = DD4D51E823FC65D000482676 /* LaunchScreen.storyboard */; };
		DD4D51F323FC666B00482676 /* User.swift in Sources */ = {isa = PBXBuildFile; fileRef = DD4D51F223FC666B00482676 /* User.swift */; };
		DD4D51F523FC66D300482676 /* Address.swift in Sources */ = {isa = PBXBuildFile; fileRef = DD4D51F423FC66D300482676 /* Address.swift */; };
		DD4D51F723FC670F00482676 /* Geolocation.swift in Sources */ = {isa = PBXBuildFile; fileRef = DD4D51F623FC670F00482676 /* Geolocation.swift */; };
		DD4D51F923FC683300482676 /* Company.swift in Sources */ = {isa = PBXBuildFile; fileRef = DD4D51F823FC683300482676 /* Company.swift */; };
		DD4D51FB23FC693200482676 /* Photo.swift in Sources */ = {isa = PBXBuildFile; fileRef = DD4D51FA23FC693200482676 /* Photo.swift */; };
		DD4D51FD23FC6A8A00482676 /* Album.swift in Sources */ = {isa = PBXBuildFile; fileRef = DD4D51FC23FC6A8A00482676 /* Album.swift */; };
		DD4D520523FC6B8800482676 /* URLBuilder.swift in Sources */ = {isa = PBXBuildFile; fileRef = DD4D520423FC6B8800482676 /* URLBuilder.swift */; };
		DD4D520823FC6C1B00482676 /* StringConstants.swift in Sources */ = {isa = PBXBuildFile; fileRef = DD4D520723FC6C1B00482676 /* StringConstants.swift */; };
		DD4D520C23FC71E400482676 /* APIWorker.swift in Sources */ = {isa = PBXBuildFile; fileRef = DD4D520B23FC71E400482676 /* APIWorker.swift */; };
		DD4D520E23FC7AAA00482676 /* JSONParser.swift in Sources */ = {isa = PBXBuildFile; fileRef = DD4D520D23FC7AAA00482676 /* JSONParser.swift */; };
/* End PBXBuildFile section */

/* Begin PBXFileReference section */
		DD34790D23FE841900CE67DD /* UsersTableViewController.swift */ = {isa = PBXFileReference; lastKnownFileType = sourcecode.swift; path = UsersTableViewController.swift; sourceTree = "<group>"; };
		DD34791123FE86BA00CE67DD /* UserPhotoTableViewCell.swift */ = {isa = PBXFileReference; lastKnownFileType = sourcecode.swift; path = UserPhotoTableViewCell.swift; sourceTree = "<group>"; };
		DD34791223FE86BA00CE67DD /* UserPhotoTableViewCell.xib */ = {isa = PBXFileReference; lastKnownFileType = file.xib; path = UserPhotoTableViewCell.xib; sourceTree = "<group>"; };
		DD34791823FE8DF900CE67DD /* UserPhotoViewModel.swift */ = {isa = PBXFileReference; lastKnownFileType = sourcecode.swift; path = UserPhotoViewModel.swift; sourceTree = "<group>"; };
		DD34791A23FE95EC00CE67DD /* UserPhotosTableViewController.swift */ = {isa = PBXFileReference; lastKnownFileType = sourcecode.swift; path = UserPhotosTableViewController.swift; sourceTree = "<group>"; };
		DD34791D23FE9C3700CE67DD /* UIImageView+DownloadImage.swift */ = {isa = PBXFileReference; lastKnownFileType = sourcecode.swift; path = "UIImageView+DownloadImage.swift"; sourceTree = "<group>"; };
		DD4D51DA23FC65CF00482676 /* GORA-CandidacyTask.app */ = {isa = PBXFileReference; explicitFileType = wrapper.application; includeInIndex = 0; path = "GORA-CandidacyTask.app"; sourceTree = BUILT_PRODUCTS_DIR; };
		DD4D51DD23FC65CF00482676 /* AppDelegate.swift */ = {isa = PBXFileReference; lastKnownFileType = sourcecode.swift; path = AppDelegate.swift; sourceTree = "<group>"; };
		DD4D51E423FC65CF00482676 /* Base */ = {isa = PBXFileReference; lastKnownFileType = file.storyboard; name = Base; path = Base.lproj/Main.storyboard; sourceTree = "<group>"; };
		DD4D51E623FC65D000482676 /* Assets.xcassets */ = {isa = PBXFileReference; lastKnownFileType = folder.assetcatalog; path = Assets.xcassets; sourceTree = "<group>"; };
		DD4D51E923FC65D000482676 /* Base */ = {isa = PBXFileReference; lastKnownFileType = file.storyboard; name = Base; path = Base.lproj/LaunchScreen.storyboard; sourceTree = "<group>"; };
		DD4D51EB23FC65D000482676 /* Info.plist */ = {isa = PBXFileReference; lastKnownFileType = text.plist.xml; path = Info.plist; sourceTree = "<group>"; };
		DD4D51F223FC666B00482676 /* User.swift */ = {isa = PBXFileReference; lastKnownFileType = sourcecode.swift; path = User.swift; sourceTree = "<group>"; };
		DD4D51F423FC66D300482676 /* Address.swift */ = {isa = PBXFileReference; lastKnownFileType = sourcecode.swift; path = Address.swift; sourceTree = "<group>"; };
		DD4D51F623FC670F00482676 /* Geolocation.swift */ = {isa = PBXFileReference; lastKnownFileType = sourcecode.swift; path = Geolocation.swift; sourceTree = "<group>"; };
		DD4D51F823FC683300482676 /* Company.swift */ = {isa = PBXFileReference; lastKnownFileType = sourcecode.swift; path = Company.swift; sourceTree = "<group>"; };
		DD4D51FA23FC693200482676 /* Photo.swift */ = {isa = PBXFileReference; lastKnownFileType = sourcecode.swift; path = Photo.swift; sourceTree = "<group>"; };
		DD4D51FC23FC6A8A00482676 /* Album.swift */ = {isa = PBXFileReference; lastKnownFileType = sourcecode.swift; path = Album.swift; sourceTree = "<group>"; };
		DD4D520423FC6B8800482676 /* URLBuilder.swift */ = {isa = PBXFileReference; lastKnownFileType = sourcecode.swift; path = URLBuilder.swift; sourceTree = "<group>"; };
		DD4D520723FC6C1B00482676 /* StringConstants.swift */ = {isa = PBXFileReference; lastKnownFileType = sourcecode.swift; path = StringConstants.swift; sourceTree = "<group>"; };
		DD4D520B23FC71E400482676 /* APIWorker.swift */ = {isa = PBXFileReference; lastKnownFileType = sourcecode.swift; path = APIWorker.swift; sourceTree = "<group>"; };
		DD4D520D23FC7AAA00482676 /* JSONParser.swift */ = {isa = PBXFileReference; lastKnownFileType = sourcecode.swift; path = JSONParser.swift; sourceTree = "<group>"; };
/* End PBXFileReference section */

/* Begin PBXFrameworksBuildPhase section */
		DD4D51D723FC65CF00482676 /* Frameworks */ = {
			isa = PBXFrameworksBuildPhase;
			buildActionMask = 2147483647;
			files = (
			);
			runOnlyForDeploymentPostprocessing = 0;
		};
/* End PBXFrameworksBuildPhase section */

/* Begin PBXGroup section */
		DD34791723FE8DC500CE67DD /* View Models */ = {
			isa = PBXGroup;
			children = (
				DD34791823FE8DF900CE67DD /* UserPhotoViewModel.swift */,
			);
			path = "View Models";
			sourceTree = "<group>";
		};
		DD34791C23FE9C1C00CE67DD /* Extensions */ = {
			isa = PBXGroup;
			children = (
				DD34791D23FE9C3700CE67DD /* UIImageView+DownloadImage.swift */,
			);
			path = Extensions;
			sourceTree = "<group>";
		};
		DD4D51D123FC65CF00482676 = {
			isa = PBXGroup;
			children = (
				DD4D51DC23FC65CF00482676 /* GORA-CandidacyTask */,
				DD4D51DB23FC65CF00482676 /* Products */,
			);
			sourceTree = "<group>";
		};
		DD4D51DB23FC65CF00482676 /* Products */ = {
			isa = PBXGroup;
			children = (
				DD4D51DA23FC65CF00482676 /* GORA-CandidacyTask.app */,
			);
			name = Products;
			sourceTree = "<group>";
		};
		DD4D51DC23FC65CF00482676 /* GORA-CandidacyTask */ = {
			isa = PBXGroup;
			children = (
				DD4D51FE23FC6AF100482676 /* AppDelegate */,
				DD4D520623FC6BFD00482676 /* Constants */,
				DD34791C23FE9C1C00CE67DD /* Extensions */,
				DD4D51F123FC665000482676 /* Models */,
				DD4D51FF23FC6AF900482676 /* Resources */,
				DD4D520223FC6B2B00482676 /* Storyboards + Views */,
				DD4D520323FC6B3400482676 /* Utils */,
				DD4D520023FC6B1100482676 /* View Controllers */,
				DD34791723FE8DC500CE67DD /* View Models */,
			);
			path = "GORA-CandidacyTask";
			sourceTree = "<group>";
		};
		DD4D51F123FC665000482676 /* Models */ = {
			isa = PBXGroup;
			children = (
				DD4D51F423FC66D300482676 /* Address.swift */,
				DD4D51FC23FC6A8A00482676 /* Album.swift */,
				DD4D51F823FC683300482676 /* Company.swift */,
				DD4D51FA23FC693200482676 /* Photo.swift */,
				DD4D51F623FC670F00482676 /* Geolocation.swift */,
				DD4D51F223FC666B00482676 /* User.swift */,
			);
			path = Models;
			sourceTree = "<group>";
		};
		DD4D51FE23FC6AF100482676 /* AppDelegate */ = {
			isa = PBXGroup;
			children = (
				DD4D51DD23FC65CF00482676 /* AppDelegate.swift */,
			);
			path = AppDelegate;
			sourceTree = "<group>";
		};
		DD4D51FF23FC6AF900482676 /* Resources */ = {
			isa = PBXGroup;
			children = (
				DD4D51E623FC65D000482676 /* Assets.xcassets */,
				DD4D51EB23FC65D000482676 /* Info.plist */,
			);
			path = Resources;
			sourceTree = "<group>";
		};
		DD4D520023FC6B1100482676 /* View Controllers */ = {
			isa = PBXGroup;
			children = (
				DD34790D23FE841900CE67DD /* UsersTableViewController.swift */,
				DD34791A23FE95EC00CE67DD /* UserPhotosTableViewController.swift */,
			);
			path = "View Controllers";
			sourceTree = "<group>";
		};
		DD4D520223FC6B2B00482676 /* Storyboards + Views */ = {
			isa = PBXGroup;
			children = (
				DD4D51E323FC65CF00482676 /* Main.storyboard */,
				DD4D51E823FC65D000482676 /* LaunchScreen.storyboard */,
				DD34791123FE86BA00CE67DD /* UserPhotoTableViewCell.swift */,
				DD34791223FE86BA00CE67DD /* UserPhotoTableViewCell.xib */,
			);
			path = "Storyboards + Views";
			sourceTree = "<group>";
		};
		DD4D520323FC6B3400482676 /* Utils */ = {
			isa = PBXGroup;
			children = (
				DD4D520B23FC71E400482676 /* APIWorker.swift */,
				DD4D520423FC6B8800482676 /* URLBuilder.swift */,
				DD4D520D23FC7AAA00482676 /* JSONParser.swift */,
			);
			path = Utils;
			sourceTree = "<group>";
		};
		DD4D520623FC6BFD00482676 /* Constants */ = {
			isa = PBXGroup;
			children = (
				DD4D520723FC6C1B00482676 /* StringConstants.swift */,
			);
			path = Constants;
			sourceTree = "<group>";
		};
/* End PBXGroup section */

/* Begin PBXNativeTarget section */
		DD4D51D923FC65CF00482676 /* GORA-CandidacyTask */ = {
			isa = PBXNativeTarget;
			buildConfigurationList = DD4D51EE23FC65D000482676 /* Build configuration list for PBXNativeTarget "GORA-CandidacyTask" */;
			buildPhases = (
				DD4D51D623FC65CF00482676 /* Sources */,
				DD4D51D723FC65CF00482676 /* Frameworks */,
				DD4D51D823FC65CF00482676 /* Resources */,
			);
			buildRules = (
			);
			dependencies = (
			);
			name = "GORA-CandidacyTask";
			productName = "GORA-CandidacyTask";
			productReference = DD4D51DA23FC65CF00482676 /* GORA-CandidacyTask.app */;
			productType = "com.apple.product-type.application";
		};
/* End PBXNativeTarget section */

/* Begin PBXProject section */
		DD4D51D223FC65CF00482676 /* Project object */ = {
			isa = PBXProject;
			attributes = {
				LastSwiftUpdateCheck = 1130;
				LastUpgradeCheck = 1130;
				ORGANIZATIONNAME = "Eugene Ilyin";
				TargetAttributes = {
					DD4D51D923FC65CF00482676 = {
						CreatedOnToolsVersion = 11.3.1;
					};
				};
			};
			buildConfigurationList = DD4D51D523FC65CF00482676 /* Build configuration list for PBXProject "GORA-CandidacyTask" */;
			compatibilityVersion = "Xcode 9.3";
			developmentRegion = en;
			hasScannedForEncodings = 0;
			knownRegions = (
				en,
				Base,
			);
			mainGroup = DD4D51D123FC65CF00482676;
			productRefGroup = DD4D51DB23FC65CF00482676 /* Products */;
			projectDirPath = "";
			projectRoot = "";
			targets = (
				DD4D51D923FC65CF00482676 /* GORA-CandidacyTask */,
			);
		};
/* End PBXProject section */

/* Begin PBXResourcesBuildPhase section */
		DD4D51D823FC65CF00482676 /* Resources */ = {
			isa = PBXResourcesBuildPhase;
			buildActionMask = 2147483647;
			files = (
				DD4D51EA23FC65D000482676 /* LaunchScreen.storyboard in Resources */,
				DD4D51E723FC65D000482676 /* Assets.xcassets in Resources */,
				DD4D51E523FC65CF00482676 /* Main.storyboard in Resources */,
				DD34791423FE86BA00CE67DD /* UserPhotoTableViewCell.xib in Resources */,
			);
			runOnlyForDeploymentPostprocessing = 0;
		};
/* End PBXResourcesBuildPhase section */

/* Begin PBXSourcesBuildPhase section */
		DD4D51D623FC65CF00482676 /* Sources */ = {
			isa = PBXSourcesBuildPhase;
			buildActionMask = 2147483647;
			files = (
				DD34791923FE8DF900CE67DD /* UserPhotoViewModel.swift in Sources */,
				DD34790E23FE841900CE67DD /* UsersTableViewController.swift in Sources */,
				DD4D520C23FC71E400482676 /* APIWorker.swift in Sources */,
				DD4D51FB23FC693200482676 /* Photo.swift in Sources */,
				DD4D520E23FC7AAA00482676 /* JSONParser.swift in Sources */,
				DD34791E23FE9C3700CE67DD /* UIImageView+DownloadImage.swift in Sources */,
				DD4D520523FC6B8800482676 /* URLBuilder.swift in Sources */,
				DD4D51F723FC670F00482676 /* Geolocation.swift in Sources */,
				DD4D51F923FC683300482676 /* Company.swift in Sources */,
				DD34791B23FE95EC00CE67DD /* UserPhotosTableViewController.swift in Sources */,
				DD4D51DE23FC65CF00482676 /* AppDelegate.swift in Sources */,
				DD34791323FE86BA00CE67DD /* UserPhotoTableViewCell.swift in Sources */,
				DD4D51F523FC66D300482676 /* Address.swift in Sources */,
				DD4D51F323FC666B00482676 /* User.swift in Sources */,
				DD4D520823FC6C1B00482676 /* StringConstants.swift in Sources */,
				DD4D51FD23FC6A8A00482676 /* Album.swift in Sources */,
			);
			runOnlyForDeploymentPostprocessing = 0;
		};
/* End PBXSourcesBuildPhase section */

/* Begin PBXVariantGroup section */
		DD4D51E323FC65CF00482676 /* Main.storyboard */ = {
			isa = PBXVariantGroup;
			children = (
				DD4D51E423FC65CF00482676 /* Base */,
			);
			name = Main.storyboard;
			sourceTree = "<group>";
		};
		DD4D51E823FC65D000482676 /* LaunchScreen.storyboard */ = {
			isa = PBXVariantGroup;
			children = (
				DD4D51E923FC65D000482676 /* Base */,
			);
			name = LaunchScreen.storyboard;
			sourceTree = "<group>";
		};
/* End PBXVariantGroup section */

/* Begin XCBuildConfiguration section */
		DD4D51EC23FC65D000482676 /* Debug */ = {
			isa = XCBuildConfiguration;
			buildSettings = {
				ALWAYS_SEARCH_USER_PATHS = NO;
				CLANG_ANALYZER_NONNULL = YES;
				CLANG_ANALYZER_NUMBER_OBJECT_CONVERSION = YES_AGGRESSIVE;
				CLANG_CXX_LANGUAGE_STANDARD = "gnu++14";
				CLANG_CXX_LIBRARY = "libc++";
				CLANG_ENABLE_MODULES = YES;
				CLANG_ENABLE_OBJC_ARC = YES;
				CLANG_ENABLE_OBJC_WEAK = YES;
				CLANG_WARN_BLOCK_CAPTURE_AUTORELEASING = YES;
				CLANG_WARN_BOOL_CONVERSION = YES;
				CLANG_WARN_COMMA = YES;
				CLANG_WARN_CONSTANT_CONVERSION = YES;
				CLANG_WARN_DEPRECATED_OBJC_IMPLEMENTATIONS = YES;
				CLANG_WARN_DIRECT_OBJC_ISA_USAGE = YES_ERROR;
				CLANG_WARN_DOCUMENTATION_COMMENTS = YES;
				CLANG_WARN_EMPTY_BODY = YES;
				CLANG_WARN_ENUM_CONVERSION = YES;
				CLANG_WARN_INFINITE_RECURSION = YES;
				CLANG_WARN_INT_CONVERSION = YES;
				CLANG_WARN_NON_LITERAL_NULL_CONVERSION = YES;
				CLANG_WARN_OBJC_IMPLICIT_RETAIN_SELF = YES;
				CLANG_WARN_OBJC_LITERAL_CONVERSION = YES;
				CLANG_WARN_OBJC_ROOT_CLASS = YES_ERROR;
				CLANG_WARN_RANGE_LOOP_ANALYSIS = YES;
				CLANG_WARN_STRICT_PROTOTYPES = YES;
				CLANG_WARN_SUSPICIOUS_MOVE = YES;
				CLANG_WARN_UNGUARDED_AVAILABILITY = YES_AGGRESSIVE;
				CLANG_WARN_UNREACHABLE_CODE = YES;
				CLANG_WARN__DUPLICATE_METHOD_MATCH = YES;
				COPY_PHASE_STRIP = NO;
				DEBUG_INFORMATION_FORMAT = dwarf;
				ENABLE_STRICT_OBJC_MSGSEND = YES;
				ENABLE_TESTABILITY = YES;
				GCC_C_LANGUAGE_STANDARD = gnu11;
				GCC_DYNAMIC_NO_PIC = NO;
				GCC_NO_COMMON_BLOCKS = YES;
				GCC_OPTIMIZATION_LEVEL = 0;
				GCC_PREPROCESSOR_DEFINITIONS = (
					"DEBUG=1",
					"$(inherited)",
				);
				GCC_WARN_64_TO_32_BIT_CONVERSION = YES;
				GCC_WARN_ABOUT_RETURN_TYPE = YES_ERROR;
				GCC_WARN_UNDECLARED_SELECTOR = YES;
				GCC_WARN_UNINITIALIZED_AUTOS = YES_AGGRESSIVE;
				GCC_WARN_UNUSED_FUNCTION = YES;
				GCC_WARN_UNUSED_VARIABLE = YES;
				IPHONEOS_DEPLOYMENT_TARGET = 9.0;
				MTL_ENABLE_DEBUG_INFO = INCLUDE_SOURCE;
				MTL_FAST_MATH = YES;
				ONLY_ACTIVE_ARCH = YES;
				SDKROOT = iphoneos;
				SWIFT_ACTIVE_COMPILATION_CONDITIONS = DEBUG;
				SWIFT_OPTIMIZATION_LEVEL = "-Onone";
			};
			name = Debug;
		};
		DD4D51ED23FC65D000482676 /* Release */ = {
			isa = XCBuildConfiguration;
			buildSettings = {
				ALWAYS_SEARCH_USER_PATHS = NO;
				CLANG_ANALYZER_NONNULL = YES;
				CLANG_ANALYZER_NUMBER_OBJECT_CONVERSION = YES_AGGRESSIVE;
				CLANG_CXX_LANGUAGE_STANDARD = "gnu++14";
				CLANG_CXX_LIBRARY = "libc++";
				CLANG_ENABLE_MODULES = YES;
				CLANG_ENABLE_OBJC_ARC = YES;
				CLANG_ENABLE_OBJC_WEAK = YES;
				CLANG_WARN_BLOCK_CAPTURE_AUTORELEASING = YES;
				CLANG_WARN_BOOL_CONVERSION = YES;
				CLANG_WARN_COMMA = YES;
				CLANG_WARN_CONSTANT_CONVERSION = YES;
				CLANG_WARN_DEPRECATED_OBJC_IMPLEMENTATIONS = YES;
				CLANG_WARN_DIRECT_OBJC_ISA_USAGE = YES_ERROR;
				CLANG_WARN_DOCUMENTATION_COMMENTS = YES;
				CLANG_WARN_EMPTY_BODY = YES;
				CLANG_WARN_ENUM_CONVERSION = YES;
				CLANG_WARN_INFINITE_RECURSION = YES;
				CLANG_WARN_INT_CONVERSION = YES;
				CLANG_WARN_NON_LITERAL_NULL_CONVERSION = YES;
				CLANG_WARN_OBJC_IMPLICIT_RETAIN_SELF = YES;
				CLANG_WARN_OBJC_LITERAL_CONVERSION = YES;
				CLANG_WARN_OBJC_ROOT_CLASS = YES_ERROR;
				CLANG_WARN_RANGE_LOOP_ANALYSIS = YES;
				CLANG_WARN_STRICT_PROTOTYPES = YES;
				CLANG_WARN_SUSPICIOUS_MOVE = YES;
				CLANG_WARN_UNGUARDED_AVAILABILITY = YES_AGGRESSIVE;
				CLANG_WARN_UNREACHABLE_CODE = YES;
				CLANG_WARN__DUPLICATE_METHOD_MATCH = YES;
				COPY_PHASE_STRIP = NO;
				DEBUG_INFORMATION_FORMAT = "dwarf-with-dsym";
				ENABLE_NS_ASSERTIONS = NO;
				ENABLE_STRICT_OBJC_MSGSEND = YES;
				GCC_C_LANGUAGE_STANDARD = gnu11;
				GCC_NO_COMMON_BLOCKS = YES;
				GCC_WARN_64_TO_32_BIT_CONVERSION = YES;
				GCC_WARN_ABOUT_RETURN_TYPE = YES_ERROR;
				GCC_WARN_UNDECLARED_SELECTOR = YES;
				GCC_WARN_UNINITIALIZED_AUTOS = YES_AGGRESSIVE;
				GCC_WARN_UNUSED_FUNCTION = YES;
				GCC_WARN_UNUSED_VARIABLE = YES;
				IPHONEOS_DEPLOYMENT_TARGET = 9.0;
				MTL_ENABLE_DEBUG_INFO = NO;
				MTL_FAST_MATH = YES;
				SDKROOT = iphoneos;
				SWIFT_COMPILATION_MODE = wholemodule;
				SWIFT_OPTIMIZATION_LEVEL = "-O";
				VALIDATE_PRODUCT = YES;
			};
			name = Release;
		};
		DD4D51EF23FC65D000482676 /* Debug */ = {
			isa = XCBuildConfiguration;
			buildSettings = {
				ASSETCATALOG_COMPILER_APPICON_NAME = AppIcon;
				CODE_SIGN_STYLE = Automatic;
				DEVELOPMENT_TEAM = QZTJ8W8QRE;
				INFOPLIST_FILE = "$(SRCROOT)/GORA-CandidacyTask/Resources/Info.plist";
				IPHONEOS_DEPLOYMENT_TARGET = 9.0;
				LD_RUNPATH_SEARCH_PATHS = (
					"$(inherited)",
					"@executable_path/Frameworks",
				);
				PRODUCT_BUNDLE_IDENTIFIER = "un0dvend1g.GORA-CandidacyTask";
				PRODUCT_NAME = "$(TARGET_NAME)";
				SWIFT_VERSION = 5.0;
				TARGETED_DEVICE_FAMILY = 1;
			};
			name = Debug;
		};
		DD4D51F023FC65D000482676 /* Release */ = {
			isa = XCBuildConfiguration;
			buildSettings = {
				ASSETCATALOG_COMPILER_APPICON_NAME = AppIcon;
				CODE_SIGN_STYLE = Automatic;
				DEVELOPMENT_TEAM = QZTJ8W8QRE;
				INFOPLIST_FILE = "$(SRCROOT)/GORA-CandidacyTask/Resources/Info.plist";
				IPHONEOS_DEPLOYMENT_TARGET = 9.0;
				LD_RUNPATH_SEARCH_PATHS = (
					"$(inherited)",
					"@executable_path/Frameworks",
				);
				PRODUCT_BUNDLE_IDENTIFIER = "un0dvend1g.GORA-CandidacyTask";
				PRODUCT_NAME = "$(TARGET_NAME)";
				SWIFT_VERSION = 5.0;
				TARGETED_DEVICE_FAMILY = 1;
			};
			name = Release;
		};
/* End XCBuildConfiguration section */

/* Begin XCConfigurationList section */
		DD4D51D523FC65CF00482676 /* Build configuration list for PBXProject "GORA-CandidacyTask" */ = {
			isa = XCConfigurationList;
			buildConfigurations = (
				DD4D51EC23FC65D000482676 /* Debug */,
				DD4D51ED23FC65D000482676 /* Release */,
			);
			defaultConfigurationIsVisible = 0;
			defaultConfigurationName = Release;
		};
		DD4D51EE23FC65D000482676 /* Build configuration list for PBXNativeTarget "GORA-CandidacyTask" */ = {
			isa = XCConfigurationList;
			buildConfigurations = (
				DD4D51EF23FC65D000482676 /* Debug */,
				DD4D51F023FC65D000482676 /* Release */,
			);
			defaultConfigurationIsVisible = 0;
			defaultConfigurationName = Release;
		};
/* End XCConfigurationList section */
	};
	rootObject = DD4D51D223FC65CF00482676 /* Project object */;
}
